
Microsoft Visual Studio Solution File, Format Version 12.00
# Visual Studio Version 17
VisualStudioVersion = 17.4.33403.182
MinimumVisualStudioVersion = 10.0.40219.1
Project("{FAE04EC0-301F-11D3-BF4B-00C04F79EFBC}") = "bandsearchrecover", "bandsearchrecover\bandsearchrecover.csproj", "{8016BED5-D3A1-423F-A7B1-C8A0054D94AC}"
EndProject
Project("{E53339B2-1760-4266-BCC7-CA923CBCF16C}") = "docker-compose", "docker-compose.dcproj", "{21651D43-875D-4AEE-9705-1457EABBC9C9}"
EndProject
Global
	GlobalSection(SolutionConfigurationPlatforms) = preSolution
		Debug|Any CPU = Debug|Any CPU
		Release|Any CPU = Release|Any CPU
	EndGlobalSection
	GlobalSection(ProjectConfigurationPlatforms) = postSolution
		{8016BED5-D3A1-423F-A7B1-C8A0054D94AC}.Debug|Any CPU.ActiveCfg = Debug|Any CPU
		{8016BED5-D3A1-423F-A7B1-C8A0054D94AC}.Debug|Any CPU.Build.0 = Debug|Any CPU
		{8016BED5-D3A1-423F-A7B1-C8A0054D94AC}.Release|Any CPU.ActiveCfg = Release|Any CPU
		{8016BED5-D3A1-423F-A7B1-C8A0054D94AC}.Release|Any CPU.Build.0 = Release|Any CPU
		{21651D43-875D-4AEE-9705-1457EABBC9C9}.Debug|Any CPU.ActiveCfg = Debug|Any CPU
		{21651D43-875D-4AEE-9705-1457EABBC9C9}.Debug|Any CPU.Build.0 = Debug|Any CPU
		{21651D43-875D-4AEE-9705-1457EABBC9C9}.Release|Any CPU.ActiveCfg = Release|Any CPU
		{21651D43-875D-4AEE-9705-1457EABBC9C9}.Release|Any CPU.Build.0 = Release|Any CPU
	EndGlobalSection
	GlobalSection(SolutionProperties) = preSolution
		HideSolutionNode = FALSE
	EndGlobalSection
	GlobalSection(ExtensibilityGlobals) = postSolution
		SolutionGuid = {E0D25490-C57A-4816-97B7-FD6334C1E5E4}
	EndGlobalSection
EndGlobal
